// !$*UTF8*$!
{
	archiveVersion = 1;
	classes = {
	};
	objectVersion = 55;
	objects = {

/* Begin PBXBuildFile section */
		0B3BB3152856745B0072A76E /* AppDelegate.swift in Sources */ = {isa = PBXBuildFile; fileRef = 0B3BB3142856745B0072A76E /* AppDelegate.swift */; };
		0B3BB3172856745B0072A76E /* SceneDelegate.swift in Sources */ = {isa = PBXBuildFile; fileRef = 0B3BB3162856745B0072A76E /* SceneDelegate.swift */; };
		0B3BB3192856745B0072A76E /* MainView.swift in Sources */ = {isa = PBXBuildFile; fileRef = 0B3BB3182856745B0072A76E /* MainView.swift */; };
		0B3BB31C2856745B0072A76E /* Main.storyboard in Resources */ = {isa = PBXBuildFile; fileRef = 0B3BB31A2856745B0072A76E /* Main.storyboard */; };
		0B3BB31E2856745C0072A76E /* Assets.xcassets in Resources */ = {isa = PBXBuildFile; fileRef = 0B3BB31D2856745C0072A76E /* Assets.xcassets */; };
		0B3BB3212856745C0072A76E /* LaunchScreen.storyboard in Resources */ = {isa = PBXBuildFile; fileRef = 0B3BB31F2856745C0072A76E /* LaunchScreen.storyboard */; };
		0B7062CE285746F70046479C /* Contract.swift in Sources */ = {isa = PBXBuildFile; fileRef = 0B7062CD285746F70046479C /* Contract.swift */; };
		0B7062D1285749D00046479C /* CryptoCurrenciesView.swift in Sources */ = {isa = PBXBuildFile; fileRef = 0B7062D0285749D00046479C /* CryptoCurrenciesView.swift */; };
		0B7062D328576CD70046479C /* ContractHelper.swift in Sources */ = {isa = PBXBuildFile; fileRef = 0B7062D228576CD70046479C /* ContractHelper.swift */; };
		0B7062D7285771FB0046479C /* Interactor.swift in Sources */ = {isa = PBXBuildFile; fileRef = 0B7062D6285771FB0046479C /* Interactor.swift */; };
		0B7062DC285775230046479C /* WebService.swift in Sources */ = {isa = PBXBuildFile; fileRef = 0B7062DB285775230046479C /* WebService.swift */; };
		0B7062DF285780030046479C /* Presenter.swift in Sources */ = {isa = PBXBuildFile; fileRef = 0B7062DE285780030046479C /* Presenter.swift */; };
		0B7062E12857CCCD0046479C /* FavoritesTableViewHelper.swift in Sources */ = {isa = PBXBuildFile; fileRef = 0B7062E02857CCCD0046479C /* FavoritesTableViewHelper.swift */; };
		0B7062E52857D5ED0046479C /* FavoriteTableViewCell.swift in Sources */ = {isa = PBXBuildFile; fileRef = 0B7062E32857D5ED0046479C /* FavoriteTableViewCell.swift */; };
		0B7062E62857D5ED0046479C /* FavoriteTableViewCell.xib in Resources */ = {isa = PBXBuildFile; fileRef = 0B7062E42857D5ED0046479C /* FavoriteTableViewCell.xib */; };
		0B7062E82857DE1A0046479C /* AscDesTableViewHelper.swift in Sources */ = {isa = PBXBuildFile; fileRef = 0B7062E72857DE1A0046479C /* AscDesTableViewHelper.swift */; };
		0B7062F12857E14C0046479C /* AscDesTableViewCell.swift in Sources */ = {isa = PBXBuildFile; fileRef = 0B7062EF2857E14C0046479C /* AscDesTableViewCell.swift */; };
		0B7062F22857E14C0046479C /* AscDesTableViewCell.xib in Resources */ = {isa = PBXBuildFile; fileRef = 0B7062F02857E14C0046479C /* AscDesTableViewCell.xib */; };
		0BC7BE1B28585F5500E7B233 /* CollectionViewHelper.swift in Sources */ = {isa = PBXBuildFile; fileRef = 0BC7BE1A28585F5500E7B233 /* CollectionViewHelper.swift */; };
		0BC7BE1F28588A1A00E7B233 /* CryptoCollectionViewCell.swift in Sources */ = {isa = PBXBuildFile; fileRef = 0BC7BE1D28588A1A00E7B233 /* CryptoCollectionViewCell.swift */; };
		0BC7BE2028588A1A00E7B233 /* CryptoCollectionViewCell.xib in Resources */ = {isa = PBXBuildFile; fileRef = 0BC7BE1E28588A1A00E7B233 /* CryptoCollectionViewCell.xib */; };
/* End PBXBuildFile section */

/* Begin PBXFileReference section */
		0B3BB3112856745B0072A76E /* week4_Assignment.app */ = {isa = PBXFileReference; explicitFileType = wrapper.application; includeInIndex = 0; path = week4_Assignment.app; sourceTree = BUILT_PRODUCTS_DIR; };
		0B3BB3142856745B0072A76E /* AppDelegate.swift */ = {isa = PBXFileReference; lastKnownFileType = sourcecode.swift; path = AppDelegate.swift; sourceTree = "<group>"; };
		0B3BB3162856745B0072A76E /* SceneDelegate.swift */ = {isa = PBXFileReference; lastKnownFileType = sourcecode.swift; path = SceneDelegate.swift; sourceTree = "<group>"; };
		0B3BB3182856745B0072A76E /* MainView.swift */ = {isa = PBXFileReference; lastKnownFileType = sourcecode.swift; path = MainView.swift; sourceTree = "<group>"; };
		0B3BB31B2856745B0072A76E /* Base */ = {isa = PBXFileReference; lastKnownFileType = file.storyboard; name = Base; path = Base.lproj/Main.storyboard; sourceTree = "<group>"; };
		0B3BB31D2856745C0072A76E /* Assets.xcassets */ = {isa = PBXFileReference; lastKnownFileType = folder.assetcatalog; path = Assets.xcassets; sourceTree = "<group>"; };
		0B3BB3202856745C0072A76E /* Base */ = {isa = PBXFileReference; lastKnownFileType = file.storyboard; name = Base; path = Base.lproj/LaunchScreen.storyboard; sourceTree = "<group>"; };
		0B3BB3222856745C0072A76E /* Info.plist */ = {isa = PBXFileReference; lastKnownFileType = text.plist.xml; path = Info.plist; sourceTree = "<group>"; };
		0B7062CD285746F70046479C /* Contract.swift */ = {isa = PBXFileReference; lastKnownFileType = sourcecode.swift; path = Contract.swift; sourceTree = "<group>"; };
		0B7062D0285749D00046479C /* CryptoCurrenciesView.swift */ = {isa = PBXFileReference; lastKnownFileType = sourcecode.swift; path = CryptoCurrenciesView.swift; sourceTree = "<group>"; };
		0B7062D228576CD70046479C /* ContractHelper.swift */ = {isa = PBXFileReference; lastKnownFileType = sourcecode.swift; path = ContractHelper.swift; sourceTree = "<group>"; };
		0B7062D6285771FB0046479C /* Interactor.swift */ = {isa = PBXFileReference; lastKnownFileType = sourcecode.swift; path = Interactor.swift; sourceTree = "<group>"; };
		0B7062DB285775230046479C /* WebService.swift */ = {isa = PBXFileReference; lastKnownFileType = sourcecode.swift; path = WebService.swift; sourceTree = "<group>"; };
		0B7062DE285780030046479C /* Presenter.swift */ = {isa = PBXFileReference; lastKnownFileType = sourcecode.swift; path = Presenter.swift; sourceTree = "<group>"; };
		0B7062E02857CCCD0046479C /* FavoritesTableViewHelper.swift */ = {isa = PBXFileReference; lastKnownFileType = sourcecode.swift; path = FavoritesTableViewHelper.swift; sourceTree = "<group>"; };
		0B7062E32857D5ED0046479C /* FavoriteTableViewCell.swift */ = {isa = PBXFileReference; lastKnownFileType = sourcecode.swift; path = FavoriteTableViewCell.swift; sourceTree = "<group>"; };
		0B7062E42857D5ED0046479C /* FavoriteTableViewCell.xib */ = {isa = PBXFileReference; lastKnownFileType = file.xib; path = FavoriteTableViewCell.xib; sourceTree = "<group>"; };
		0B7062E72857DE1A0046479C /* AscDesTableViewHelper.swift */ = {isa = PBXFileReference; lastKnownFileType = sourcecode.swift; path = AscDesTableViewHelper.swift; sourceTree = "<group>"; };
		0B7062EF2857E14C0046479C /* AscDesTableViewCell.swift */ = {isa = PBXFileReference; lastKnownFileType = sourcecode.swift; path = AscDesTableViewCell.swift; sourceTree = "<group>"; };
		0B7062F02857E14C0046479C /* AscDesTableViewCell.xib */ = {isa = PBXFileReference; lastKnownFileType = file.xib; path = AscDesTableViewCell.xib; sourceTree = "<group>"; };
		0BC7BE1A28585F5500E7B233 /* CollectionViewHelper.swift */ = {isa = PBXFileReference; lastKnownFileType = sourcecode.swift; path = CollectionViewHelper.swift; sourceTree = "<group>"; };
		0BC7BE1D28588A1A00E7B233 /* CryptoCollectionViewCell.swift */ = {isa = PBXFileReference; lastKnownFileType = sourcecode.swift; path = CryptoCollectionViewCell.swift; sourceTree = "<group>"; };
		0BC7BE1E28588A1A00E7B233 /* CryptoCollectionViewCell.xib */ = {isa = PBXFileReference; lastKnownFileType = file.xib; path = CryptoCollectionViewCell.xib; sourceTree = "<group>"; };
/* End PBXFileReference section */

/* Begin PBXFrameworksBuildPhase section */
		0B3BB30E2856745B0072A76E /* Frameworks */ = {
			isa = PBXFrameworksBuildPhase;
			buildActionMask = 2147483647;
			files = (
			);
			runOnlyForDeploymentPostprocessing = 0;
		};
/* End PBXFrameworksBuildPhase section */

/* Begin PBXGroup section */
		0B3BB3082856745B0072A76E = {
			isa = PBXGroup;
			children = (
				0B3BB3132856745B0072A76E /* week4_Assignment */,
				0B3BB3122856745B0072A76E /* Products */,
			);
			sourceTree = "<group>";
		};
		0B3BB3122856745B0072A76E /* Products */ = {
			isa = PBXGroup;
			children = (
				0B3BB3112856745B0072A76E /* week4_Assignment.app */,
			);
			name = Products;
			sourceTree = "<group>";
		};
		0B3BB3132856745B0072A76E /* week4_Assignment */ = {
			isa = PBXGroup;
			children = (
				0B7062DA285775140046479C /* WebService */,
				0B7062CC285746DD0046479C /* Contract */,
				0B7062D428576FDF0046479C /* View */,
				0B7062D5285770020046479C /* Interactor */,
				0B7062DD28577E880046479C /* Presenter */,
				0B3BB3142856745B0072A76E /* AppDelegate.swift */,
				0B3BB3162856745B0072A76E /* SceneDelegate.swift */,
				0B3BB31A2856745B0072A76E /* Main.storyboard */,
				0B3BB31D2856745C0072A76E /* Assets.xcassets */,
				0B3BB31F2856745C0072A76E /* LaunchScreen.storyboard */,
				0B3BB3222856745C0072A76E /* Info.plist */,
			);
			path = week4_Assignment;
			sourceTree = "<group>";
		};
		0B7062CB285746C40046479C /* MainView */ = {
			isa = PBXGroup;
			children = (
				0B3BB3182856745B0072A76E /* MainView.swift */,
				0B7062E02857CCCD0046479C /* FavoritesTableViewHelper.swift */,
				0B7062E72857DE1A0046479C /* AscDesTableViewHelper.swift */,
				0B7062E22857CF600046479C /* XIB files */,
			);
			path = MainView;
			sourceTree = "<group>";
		};
		0B7062CC285746DD0046479C /* Contract */ = {
			isa = PBXGroup;
			children = (
				0B7062CD285746F70046479C /* Contract.swift */,
				0B7062D228576CD70046479C /* ContractHelper.swift */,
			);
			path = Contract;
			sourceTree = "<group>";
		};
		0B7062CF285749450046479C /* CryptoCurrenciesView */ = {
			isa = PBXGroup;
			children = (
				0B7062D0285749D00046479C /* CryptoCurrenciesView.swift */,
				0BC7BE1A28585F5500E7B233 /* CollectionViewHelper.swift */,
				0BC7BE1C285889E500E7B233 /* XIB files */,
			);
			path = CryptoCurrenciesView;
			sourceTree = "<group>";
		};
		0B7062D428576FDF0046479C /* View */ = {
			isa = PBXGroup;
			children = (
				0B7062CB285746C40046479C /* MainView */,
				0B7062CF285749450046479C /* CryptoCurrenciesView */,
			);
			path = View;
			sourceTree = "<group>";
		};
		0B7062D5285770020046479C /* Interactor */ = {
			isa = PBXGroup;
			children = (
				0B7062D6285771FB0046479C /* Interactor.swift */,
			);
			path = Interactor;
			sourceTree = "<group>";
		};
		0B7062DA285775140046479C /* WebService */ = {
			isa = PBXGroup;
			children = (
				0B7062DB285775230046479C /* WebService.swift */,
			);
			path = WebService;
			sourceTree = "<group>";
		};
		0B7062DD28577E880046479C /* Presenter */ = {
			isa = PBXGroup;
			children = (
				0B7062DE285780030046479C /* Presenter.swift */,
			);
			path = Presenter;
			sourceTree = "<group>";
		};
		0B7062E22857CF600046479C /* XIB files */ = {
			isa = PBXGroup;
			children = (
				0B7062EE2857DFB10046479C /* AscDesTableViewCell */,
				0B7062ED2857DF9D0046479C /* FavoriteTableViewCell */,
			);
			path = "XIB files";
			sourceTree = "<group>";
		};
		0B7062ED2857DF9D0046479C /* FavoriteTableViewCell */ = {
			isa = PBXGroup;
			children = (
				0B7062E32857D5ED0046479C /* FavoriteTableViewCell.swift */,
				0B7062E42857D5ED0046479C /* FavoriteTableViewCell.xib */,
			);
			path = FavoriteTableViewCell;
			sourceTree = "<group>";
		};
		0B7062EE2857DFB10046479C /* AscDesTableViewCell */ = {
			isa = PBXGroup;
			children = (
				0B7062EF2857E14C0046479C /* AscDesTableViewCell.swift */,
				0B7062F02857E14C0046479C /* AscDesTableViewCell.xib */,
			);
			path = AscDesTableViewCell;
			sourceTree = "<group>";
		};
		0BC7BE1C285889E500E7B233 /* XIB files */ = {
			isa = PBXGroup;
			children = (
				0BC7BE1D28588A1A00E7B233 /* CryptoCollectionViewCell.swift */,
				0BC7BE1E28588A1A00E7B233 /* CryptoCollectionViewCell.xib */,
			);
			path = "XIB files";
			sourceTree = "<group>";
		};
/* End PBXGroup section */

/* Begin PBXNativeTarget section */
		0B3BB3102856745B0072A76E /* week4_Assignment */ = {
			isa = PBXNativeTarget;
			buildConfigurationList = 0B3BB3252856745C0072A76E /* Build configuration list for PBXNativeTarget "week4_Assignment" */;
			buildPhases = (
				0B3BB30D2856745B0072A76E /* Sources */,
				0B3BB30E2856745B0072A76E /* Frameworks */,
				0B3BB30F2856745B0072A76E /* Resources */,
			);
			buildRules = (
			);
			dependencies = (
			);
			name = week4_Assignment;
			productName = week4_Assignment;
			productReference = 0B3BB3112856745B0072A76E /* week4_Assignment.app */;
			productType = "com.apple.product-type.application";
		};
/* End PBXNativeTarget section */

/* Begin PBXProject section */
		0B3BB3092856745B0072A76E /* Project object */ = {
			isa = PBXProject;
			attributes = {
				BuildIndependentTargetsInParallel = 1;
				LastSwiftUpdateCheck = 1340;
				LastUpgradeCheck = 1340;
				TargetAttributes = {
					0B3BB3102856745B0072A76E = {
						CreatedOnToolsVersion = 13.4.1;
					};
				};
			};
			buildConfigurationList = 0B3BB30C2856745B0072A76E /* Build configuration list for PBXProject "week4_Assignment" */;
			compatibilityVersion = "Xcode 13.0";
			developmentRegion = en;
			hasScannedForEncodings = 0;
			knownRegions = (
				en,
				Base,
			);
			mainGroup = 0B3BB3082856745B0072A76E;
			productRefGroup = 0B3BB3122856745B0072A76E /* Products */;
			projectDirPath = "";
			projectRoot = "";
			targets = (
				0B3BB3102856745B0072A76E /* week4_Assignment */,
			);
		};
/* End PBXProject section */

/* Begin PBXResourcesBuildPhase section */
		0B3BB30F2856745B0072A76E /* Resources */ = {
			isa = PBXResourcesBuildPhase;
			buildActionMask = 2147483647;
			files = (
				0B3BB3212856745C0072A76E /* LaunchScreen.storyboard in Resources */,
				0B7062E62857D5ED0046479C /* FavoriteTableViewCell.xib in Resources */,
				0B3BB31E2856745C0072A76E /* Assets.xcassets in Resources */,
				0B7062F22857E14C0046479C /* AscDesTableViewCell.xib in Resources */,
				0B3BB31C2856745B0072A76E /* Main.storyboard in Resources */,
				0BC7BE2028588A1A00E7B233 /* CryptoCollectionViewCell.xib in Resources */,
			);
			runOnlyForDeploymentPostprocessing = 0;
		};
/* End PBXResourcesBuildPhase section */

/* Begin PBXSourcesBuildPhase section */
		0B3BB30D2856745B0072A76E /* Sources */ = {
			isa = PBXSourcesBuildPhase;
			buildActionMask = 2147483647;
			files = (
				0B7062DF285780030046479C /* Presenter.swift in Sources */,
				0B7062E12857CCCD0046479C /* FavoritesTableViewHelper.swift in Sources */,
				0B3BB3192856745B0072A76E /* MainView.swift in Sources */,
				0B3BB3152856745B0072A76E /* AppDelegate.swift in Sources */,
				0B7062E82857DE1A0046479C /* AscDesTableViewHelper.swift in Sources */,
				0B7062DC285775230046479C /* WebService.swift in Sources */,
				0BC7BE1B28585F5500E7B233 /* CollectionViewHelper.swift in Sources */,
				0B7062D1285749D00046479C /* CryptoCurrenciesView.swift in Sources */,
				0BC7BE1F28588A1A00E7B233 /* CryptoCollectionViewCell.swift in Sources */,
				0B3BB3172856745B0072A76E /* SceneDelegate.swift in Sources */,
				0B7062CE285746F70046479C /* Contract.swift in Sources */,
				0B7062D7285771FB0046479C /* Interactor.swift in Sources */,
				0B7062D328576CD70046479C /* ContractHelper.swift in Sources */,
				0B7062E52857D5ED0046479C /* FavoriteTableViewCell.swift in Sources */,
				0B7062F12857E14C0046479C /* AscDesTableViewCell.swift in Sources */,
			);
			runOnlyForDeploymentPostprocessing = 0;
		};
/* End PBXSourcesBuildPhase section */

/* Begin PBXVariantGroup section */
		0B3BB31A2856745B0072A76E /* Main.storyboard */ = {
			isa = PBXVariantGroup;
			children = (
				0B3BB31B2856745B0072A76E /* Base */,
			);
			name = Main.storyboard;
			sourceTree = "<group>";
		};
		0B3BB31F2856745C0072A76E /* LaunchScreen.storyboard */ = {
			isa = PBXVariantGroup;
			children = (
				0B3BB3202856745C0072A76E /* Base */,
			);
			name = LaunchScreen.storyboard;
			sourceTree = "<group>";
		};
/* End PBXVariantGroup section */

/* Begin XCBuildConfiguration section */
		0B3BB3232856745C0072A76E /* Debug */ = {
			isa = XCBuildConfiguration;
			buildSettings = {
				ALWAYS_SEARCH_USER_PATHS = NO;
				CLANG_ANALYZER_NONNULL = YES;
				CLANG_ANALYZER_NUMBER_OBJECT_CONVERSION = YES_AGGRESSIVE;
				CLANG_CXX_LANGUAGE_STANDARD = "gnu++17";
				CLANG_ENABLE_MODULES = YES;
				CLANG_ENABLE_OBJC_ARC = YES;
				CLANG_ENABLE_OBJC_WEAK = YES;
				CLANG_WARN_BLOCK_CAPTURE_AUTORELEASING = YES;
				CLANG_WARN_BOOL_CONVERSION = YES;
				CLANG_WARN_COMMA = YES;
				CLANG_WARN_CONSTANT_CONVERSION = YES;
				CLANG_WARN_DEPRECATED_OBJC_IMPLEMENTATIONS = YES;
				CLANG_WARN_DIRECT_OBJC_ISA_USAGE = YES_ERROR;
				CLANG_WARN_DOCUMENTATION_COMMENTS = YES;
				CLANG_WARN_EMPTY_BODY = YES;
				CLANG_WARN_ENUM_CONVERSION = YES;
				CLANG_WARN_INFINITE_RECURSION = YES;
				CLANG_WARN_INT_CONVERSION = YES;
				CLANG_WARN_NON_LITERAL_NULL_CONVERSION = YES;
				CLANG_WARN_OBJC_IMPLICIT_RETAIN_SELF = YES;
				CLANG_WARN_OBJC_LITERAL_CONVERSION = YES;
				CLANG_WARN_OBJC_ROOT_CLASS = YES_ERROR;
				CLANG_WARN_QUOTED_INCLUDE_IN_FRAMEWORK_HEADER = YES;
				CLANG_WARN_RANGE_LOOP_ANALYSIS = YES;
				CLANG_WARN_STRICT_PROTOTYPES = YES;
				CLANG_WARN_SUSPICIOUS_MOVE = YES;
				CLANG_WARN_UNGUARDED_AVAILABILITY = YES_AGGRESSIVE;
				CLANG_WARN_UNREACHABLE_CODE = YES;
				CLANG_WARN__DUPLICATE_METHOD_MATCH = YES;
				COPY_PHASE_STRIP = NO;
				DEBUG_INFORMATION_FORMAT = dwarf;
				ENABLE_STRICT_OBJC_MSGSEND = YES;
				ENABLE_TESTABILITY = YES;
				GCC_C_LANGUAGE_STANDARD = gnu11;
				GCC_DYNAMIC_NO_PIC = NO;
				GCC_NO_COMMON_BLOCKS = YES;
				GCC_OPTIMIZATION_LEVEL = 0;
				GCC_PREPROCESSOR_DEFINITIONS = (
					"DEBUG=1",
					"$(inherited)",
				);
				GCC_WARN_64_TO_32_BIT_CONVERSION = YES;
				GCC_WARN_ABOUT_RETURN_TYPE = YES_ERROR;
				GCC_WARN_UNDECLARED_SELECTOR = YES;
				GCC_WARN_UNINITIALIZED_AUTOS = YES_AGGRESSIVE;
				GCC_WARN_UNUSED_FUNCTION = YES;
				GCC_WARN_UNUSED_VARIABLE = YES;
				IPHONEOS_DEPLOYMENT_TARGET = 15.5;
				MTL_ENABLE_DEBUG_INFO = INCLUDE_SOURCE;
				MTL_FAST_MATH = YES;
				ONLY_ACTIVE_ARCH = YES;
				SDKROOT = iphoneos;
				SWIFT_ACTIVE_COMPILATION_CONDITIONS = DEBUG;
				SWIFT_OPTIMIZATION_LEVEL = "-Onone";
			};
			name = Debug;
		};
		0B3BB3242856745C0072A76E /* Release */ = {
			isa = XCBuildConfiguration;
			buildSettings = {
				ALWAYS_SEARCH_USER_PATHS = NO;
				CLANG_ANALYZER_NONNULL = YES;
				CLANG_ANALYZER_NUMBER_OBJECT_CONVERSION = YES_AGGRESSIVE;
				CLANG_CXX_LANGUAGE_STANDARD = "gnu++17";
				CLANG_ENABLE_MODULES = YES;
				CLANG_ENABLE_OBJC_ARC = YES;
				CLANG_ENABLE_OBJC_WEAK = YES;
				CLANG_WARN_BLOCK_CAPTURE_AUTORELEASING = YES;
				CLANG_WARN_BOOL_CONVERSION = YES;
				CLANG_WARN_COMMA = YES;
				CLANG_WARN_CONSTANT_CONVERSION = YES;
				CLANG_WARN_DEPRECATED_OBJC_IMPLEMENTATIONS = YES;
				CLANG_WARN_DIRECT_OBJC_ISA_USAGE = YES_ERROR;
				CLANG_WARN_DOCUMENTATION_COMMENTS = YES;
				CLANG_WARN_EMPTY_BODY = YES;
				CLANG_WARN_ENUM_CONVERSION = YES;
				CLANG_WARN_INFINITE_RECURSION = YES;
				CLANG_WARN_INT_CONVERSION = YES;
				CLANG_WARN_NON_LITERAL_NULL_CONVERSION = YES;
				CLANG_WARN_OBJC_IMPLICIT_RETAIN_SELF = YES;
				CLANG_WARN_OBJC_LITERAL_CONVERSION = YES;
				CLANG_WARN_OBJC_ROOT_CLASS = YES_ERROR;
				CLANG_WARN_QUOTED_INCLUDE_IN_FRAMEWORK_HEADER = YES;
				CLANG_WARN_RANGE_LOOP_ANALYSIS = YES;
				CLANG_WARN_STRICT_PROTOTYPES = YES;
				CLANG_WARN_SUSPICIOUS_MOVE = YES;
				CLANG_WARN_UNGUARDED_AVAILABILITY = YES_AGGRESSIVE;
				CLANG_WARN_UNREACHABLE_CODE = YES;
				CLANG_WARN__DUPLICATE_METHOD_MATCH = YES;
				COPY_PHASE_STRIP = NO;
				DEBUG_INFORMATION_FORMAT = "dwarf-with-dsym";
				ENABLE_NS_ASSERTIONS = NO;
				ENABLE_STRICT_OBJC_MSGSEND = YES;
				GCC_C_LANGUAGE_STANDARD = gnu11;
				GCC_NO_COMMON_BLOCKS = YES;
				GCC_WARN_64_TO_32_BIT_CONVERSION = YES;
				GCC_WARN_ABOUT_RETURN_TYPE = YES_ERROR;
				GCC_WARN_UNDECLARED_SELECTOR = YES;
				GCC_WARN_UNINITIALIZED_AUTOS = YES_AGGRESSIVE;
				GCC_WARN_UNUSED_FUNCTION = YES;
				GCC_WARN_UNUSED_VARIABLE = YES;
				IPHONEOS_DEPLOYMENT_TARGET = 15.5;
				MTL_ENABLE_DEBUG_INFO = NO;
				MTL_FAST_MATH = YES;
				SDKROOT = iphoneos;
				SWIFT_COMPILATION_MODE = wholemodule;
				SWIFT_OPTIMIZATION_LEVEL = "-O";
				VALIDATE_PRODUCT = YES;
			};
			name = Release;
		};
		0B3BB3262856745C0072A76E /* Debug */ = {
			isa = XCBuildConfiguration;
			buildSettings = {
				ASSETCATALOG_COMPILER_APPICON_NAME = AppIcon;
				ASSETCATALOG_COMPILER_GLOBAL_ACCENT_COLOR_NAME = AccentColor;
				CODE_SIGN_STYLE = Automatic;
				CURRENT_PROJECT_VERSION = 1;
				DEVELOPMENT_TEAM = 2XDA467CTJ;
				GENERATE_INFOPLIST_FILE = YES;
				INFOPLIST_FILE = week4_Assignment/Info.plist;
				INFOPLIST_KEY_UIApplicationSupportsIndirectInputEvents = YES;
				INFOPLIST_KEY_UILaunchStoryboardName = LaunchScreen;
				INFOPLIST_KEY_UIMainStoryboardFile = Main;
				INFOPLIST_KEY_UISupportedInterfaceOrientations_iPad = "UIInterfaceOrientationPortrait UIInterfaceOrientationPortraitUpsideDown UIInterfaceOrientationLandscapeLeft UIInterfaceOrientationLandscapeRight";
				INFOPLIST_KEY_UISupportedInterfaceOrientations_iPhone = "UIInterfaceOrientationPortrait UIInterfaceOrientationLandscapeLeft UIInterfaceOrientationLandscapeRight";
				LD_RUNPATH_SEARCH_PATHS = (
					"$(inherited)",
					"@executable_path/Frameworks",
				);
				MARKETING_VERSION = 1.0;
				PRODUCT_BUNDLE_IDENTIFIER = "com.furkanacikgoz.week4-Assignment";
				PRODUCT_NAME = "$(TARGET_NAME)";
				SWIFT_EMIT_LOC_STRINGS = YES;
				SWIFT_VERSION = 5.0;
				TARGETED_DEVICE_FAMILY = "1,2";
			};
			name = Debug;
		};
		0B3BB3272856745C0072A76E /* Release */ = {
			isa = XCBuildConfiguration;
			buildSettings = {
				ASSETCATALOG_COMPILER_APPICON_NAME = AppIcon;
				ASSETCATALOG_COMPILER_GLOBAL_ACCENT_COLOR_NAME = AccentColor;
				CODE_SIGN_STYLE = Automatic;
				CURRENT_PROJECT_VERSION = 1;
				DEVELOPMENT_TEAM = 2XDA467CTJ;
				GENERATE_INFOPLIST_FILE = YES;
				INFOPLIST_FILE = week4_Assignment/Info.plist;
				INFOPLIST_KEY_UIApplicationSupportsIndirectInputEvents = YES;
				INFOPLIST_KEY_UILaunchStoryboardName = LaunchScreen;
				INFOPLIST_KEY_UIMainStoryboardFile = Main;
				INFOPLIST_KEY_UISupportedInterfaceOrientations_iPad = "UIInterfaceOrientationPortrait UIInterfaceOrientationPortraitUpsideDown UIInterfaceOrientationLandscapeLeft UIInterfaceOrientationLandscapeRight";
				INFOPLIST_KEY_UISupportedInterfaceOrientations_iPhone = "UIInterfaceOrientationPortrait UIInterfaceOrientationLandscapeLeft UIInterfaceOrientationLandscapeRight";
				LD_RUNPATH_SEARCH_PATHS = (
					"$(inherited)",
					"@executable_path/Frameworks",
				);
				MARKETING_VERSION = 1.0;
				PRODUCT_BUNDLE_IDENTIFIER = "com.furkanacikgoz.week4-Assignment";
				PRODUCT_NAME = "$(TARGET_NAME)";
				SWIFT_EMIT_LOC_STRINGS = YES;
				SWIFT_VERSION = 5.0;
				TARGETED_DEVICE_FAMILY = "1,2";
			};
			name = Release;
		};
/* End XCBuildConfiguration section */

/* Begin XCConfigurationList section */
		0B3BB30C2856745B0072A76E /* Build configuration list for PBXProject "week4_Assignment" */ = {
			isa = XCConfigurationList;
			buildConfigurations = (
				0B3BB3232856745C0072A76E /* Debug */,
				0B3BB3242856745C0072A76E /* Release */,
			);
			defaultConfigurationIsVisible = 0;
			defaultConfigurationName = Release;
		};
		0B3BB3252856745C0072A76E /* Build configuration list for PBXNativeTarget "week4_Assignment" */ = {
			isa = XCConfigurationList;
			buildConfigurations = (
				0B3BB3262856745C0072A76E /* Debug */,
				0B3BB3272856745C0072A76E /* Release */,
			);
			defaultConfigurationIsVisible = 0;
			defaultConfigurationName = Release;
		};
/* End XCConfigurationList section */
	};
	rootObject = 0B3BB3092856745B0072A76E /* Project object */;
}
